
Microsoft Visual Studio Solution File, Format Version 12.00
# Visual Studio Version 17
VisualStudioVersion = 17.5.33424.131
MinimumVisualStudioVersion = 10.0.40219.1
Project("{FAE04EC0-301F-11D3-BF4B-00C04F79EFBC}") = "mob_monitoring_api", "mob_monitoring_api.csproj", "{9194928D-12C1-4DBC-A150-C5708DFFFE53}"
EndProject
Global
	GlobalSection(SolutionConfigurationPlatforms) = preSolution
		Debug|Any CPU = Debug|Any CPU
		Release|Any CPU = Release|Any CPU
	EndGlobalSection
	GlobalSection(ProjectConfigurationPlatforms) = postSolution
		{9194928D-12C1-4DBC-A150-C5708DFFFE53}.Debug|Any CPU.ActiveCfg = Debug|Any CPU
		{9194928D-12C1-4DBC-A150-C5708DFFFE53}.Debug|Any CPU.Build.0 = Debug|Any CPU
		{9194928D-12C1-4DBC-A150-C5708DFFFE53}.Release|Any CPU.ActiveCfg = Release|Any CPU
		{9194928D-12C1-4DBC-A150-C5708DFFFE53}.Release|Any CPU.Build.0 = Release|Any CPU
	EndGlobalSection
	GlobalSection(SolutionProperties) = preSolution
		HideSolutionNode = FALSE
	EndGlobalSection
	GlobalSection(ExtensibilityGlobals) = postSolution
		SolutionGuid = {4CE1C14A-BCE5-4C80-871D-F1310E5C7C61}
	EndGlobalSection
EndGlobal
